// !$*UTF8*$!
{
	archiveVersion = 1;
	classes = {
	};
	objectVersion = 46;
	objects = {

/* Begin PBXBuildFile section */
		637359501E52A8EE0074BCDE /* AppDelegate.swift in Sources */ = {isa = PBXBuildFile; fileRef = 6373594F1E52A8EE0074BCDE /* AppDelegate.swift */; };
		637359521E52A8EE0074BCDE /* RecordSoundsViewController.swift in Sources */ = {isa = PBXBuildFile; fileRef = 637359511E52A8EE0074BCDE /* RecordSoundsViewController.swift */; };
		637359551E52A8EE0074BCDE /* Main.storyboard in Resources */ = {isa = PBXBuildFile; fileRef = 637359531E52A8EE0074BCDE /* Main.storyboard */; };
		637359571E52A8EE0074BCDE /* Assets.xcassets in Resources */ = {isa = PBXBuildFile; fileRef = 637359561E52A8EE0074BCDE /* Assets.xcassets */; };
		6373595A1E52A8EE0074BCDE /* LaunchScreen.storyboard in Resources */ = {isa = PBXBuildFile; fileRef = 637359581E52A8EE0074BCDE /* LaunchScreen.storyboard */; };
		637359621E554D000074BCDE /* PlaySoundsViewController.swift in Sources */ = {isa = PBXBuildFile; fileRef = 637359611E554D000074BCDE /* PlaySoundsViewController.swift */; };
		637359641E567E2E0074BCDE /* PlaySoundsViewController+Audio.swift in Sources */ = {isa = PBXBuildFile; fileRef = 637359631E567E2E0074BCDE /* PlaySoundsViewController+Audio.swift */; };
/* End PBXBuildFile section */

/* Begin PBXFileReference section */
		6373594C1E52A8EE0074BCDE /* PitchPerfect.app */ = {isa = PBXFileReference; explicitFileType = wrapper.application; includeInIndex = 0; path = PitchPerfect.app; sourceTree = BUILT_PRODUCTS_DIR; };
		6373594F1E52A8EE0074BCDE /* AppDelegate.swift */ = {isa = PBXFileReference; lastKnownFileType = sourcecode.swift; path = AppDelegate.swift; sourceTree = "<group>"; };
		637359511E52A8EE0074BCDE /* RecordSoundsViewController.swift */ = {isa = PBXFileReference; lastKnownFileType = sourcecode.swift; path = RecordSoundsViewController.swift; sourceTree = "<group>"; };
		637359541E52A8EE0074BCDE /* Base */ = {isa = PBXFileReference; lastKnownFileType = file.storyboard; name = Base; path = Base.lproj/Main.storyboard; sourceTree = "<group>"; };
		637359561E52A8EE0074BCDE /* Assets.xcassets */ = {isa = PBXFileReference; lastKnownFileType = folder.assetcatalog; path = Assets.xcassets; sourceTree = "<group>"; };
		637359591E52A8EE0074BCDE /* Base */ = {isa = PBXFileReference; lastKnownFileType = file.storyboard; name = Base; path = Base.lproj/LaunchScreen.storyboard; sourceTree = "<group>"; };
		6373595B1E52A8EE0074BCDE /* Info.plist */ = {isa = PBXFileReference; lastKnownFileType = text.plist.xml; path = Info.plist; sourceTree = "<group>"; };
		637359611E554D000074BCDE /* PlaySoundsViewController.swift */ = {isa = PBXFileReference; fileEncoding = 4; lastKnownFileType = sourcecode.swift; path = PlaySoundsViewController.swift; sourceTree = "<group>"; };
		637359631E567E2E0074BCDE /* PlaySoundsViewController+Audio.swift */ = {isa = PBXFileReference; fileEncoding = 4; lastKnownFileType = sourcecode.swift; path = "PlaySoundsViewController+Audio.swift"; sourceTree = "<group>"; };
/* End PBXFileReference section */

/* Begin PBXFrameworksBuildPhase section */
		637359491E52A8EE0074BCDE /* Frameworks */ = {
			isa = PBXFrameworksBuildPhase;
			buildActionMask = 2147483647;
			files = (
			);
			runOnlyForDeploymentPostprocessing = 0;
		};
/* End PBXFrameworksBuildPhase section */

/* Begin PBXGroup section */
		637359431E52A8EE0074BCDE = {
			isa = PBXGroup;
			children = (
				6373594E1E52A8EE0074BCDE /* PitchPerfect */,
				6373594D1E52A8EE0074BCDE /* Products */,
			);
			sourceTree = "<group>";
		};
		6373594D1E52A8EE0074BCDE /* Products */ = {
			isa = PBXGroup;
			children = (
				6373594C1E52A8EE0074BCDE /* PitchPerfect.app */,
			);
			name = Products;
			sourceTree = "<group>";
		};
		6373594E1E52A8EE0074BCDE /* PitchPerfect */ = {
			isa = PBXGroup;
			children = (
				637359631E567E2E0074BCDE /* PlaySoundsViewController+Audio.swift */,
				6373594F1E52A8EE0074BCDE /* AppDelegate.swift */,
				637359511E52A8EE0074BCDE /* RecordSoundsViewController.swift */,
				637359531E52A8EE0074BCDE /* Main.storyboard */,
				637359561E52A8EE0074BCDE /* Assets.xcassets */,
				637359581E52A8EE0074BCDE /* LaunchScreen.storyboard */,
				6373595B1E52A8EE0074BCDE /* Info.plist */,
				637359611E554D000074BCDE /* PlaySoundsViewController.swift */,
			);
			path = PitchPerfect;
			sourceTree = "<group>";
		};
/* End PBXGroup section */

/* Begin PBXNativeTarget section */
		6373594B1E52A8EE0074BCDE /* PitchPerfect */ = {
			isa = PBXNativeTarget;
			buildConfigurationList = 6373595E1E52A8EE0074BCDE /* Build configuration list for PBXNativeTarget "PitchPerfect" */;
			buildPhases = (
				637359481E52A8EE0074BCDE /* Sources */,
				637359491E52A8EE0074BCDE /* Frameworks */,
				6373594A1E52A8EE0074BCDE /* Resources */,
			);
			buildRules = (
			);
			dependencies = (
			);
			name = PitchPerfect;
			productName = PitchPerfect;
			productReference = 6373594C1E52A8EE0074BCDE /* PitchPerfect.app */;
			productType = "com.apple.product-type.application";
		};
/* End PBXNativeTarget section */

/* Begin PBXProject section */
		637359441E52A8EE0074BCDE /* Project object */ = {
			isa = PBXProject;
			attributes = {
				LastSwiftUpdateCheck = 0820;
				LastUpgradeCheck = 0820;
				ORGANIZATIONNAME = "Imagitale Studios";
				TargetAttributes = {
					6373594B1E52A8EE0074BCDE = {
						CreatedOnToolsVersion = 8.2.1;
						DevelopmentTeam = YK9XDGN35W;
						ProvisioningStyle = Automatic;
					};
				};
			};
			buildConfigurationList = 637359471E52A8EE0074BCDE /* Build configuration list for PBXProject "PitchPerfect" */;
			compatibilityVersion = "Xcode 3.2";
			developmentRegion = English;
			hasScannedForEncodings = 0;
			knownRegions = (
				en,
				Base,
			);
			mainGroup = 637359431E52A8EE0074BCDE;
			productRefGroup = 6373594D1E52A8EE0074BCDE /* Products */;
			projectDirPath = "";
			projectRoot = "";
			targets = (
				6373594B1E52A8EE0074BCDE /* PitchPerfect */,
			);
		};
/* End PBXProject section */

/* Begin PBXResourcesBuildPhase section */
		6373594A1E52A8EE0074BCDE /* Resources */ = {
			isa = PBXResourcesBuildPhase;
			buildActionMask = 2147483647;
			files = (
				6373595A1E52A8EE0074BCDE /* LaunchScreen.storyboard in Resources */,
				637359571E52A8EE0074BCDE /* Assets.xcassets in Resources */,
				637359551E52A8EE0074BCDE /* Main.storyboard in Resources */,
			);
			runOnlyForDeploymentPostprocessing = 0;
		};
/* End PBXResourcesBuildPhase section */

/* Begin PBXSourcesBuildPhase section */
		637359481E52A8EE0074BCDE /* Sources */ = {
			isa = PBXSourcesBuildPhase;
			buildActionMask = 2147483647;
			files = (
				637359521E52A8EE0074BCDE /* RecordSoundsViewController.swift in Sources */,
				637359641E567E2E0074BCDE /* PlaySoundsViewController+Audio.swift in Sources */,
				637359621E554D000074BCDE /* PlaySoundsViewController.swift in Sources */,
				637359501E52A8EE0074BCDE /* AppDelegate.swift in Sources */,
			);
			runOnlyForDeploymentPostprocessing = 0;
		};
/* End PBXSourcesBuildPhase section */

/* Begin PBXVariantGroup section */
		637359531E52A8EE0074BCDE /* Main.storyboard */ = {
			isa = PBXVariantGroup;
			children = (
				637359541E52A8EE0074BCDE /* Base */,
			);
			name = Main.storyboard;
			sourceTree = "<group>";
		};
		637359581E52A8EE0074BCDE /* LaunchScreen.storyboard */ = {
			isa = PBXVariantGroup;
			children = (
				637359591E52A8EE0074BCDE /* Base */,
			);
			name = LaunchScreen.storyboard;
			sourceTree = "<group>";
		};
/* End PBXVariantGroup section */

/* Begin XCBuildConfiguration section */
		6373595C1E52A8EE0074BCDE /* Debug */ = {
			isa = XCBuildConfiguration;
			buildSettings = {
				ALWAYS_SEARCH_USER_PATHS = NO;
				CLANG_ANALYZER_NONNULL = YES;
				CLANG_CXX_LANGUAGE_STANDARD = "gnu++0x";
				CLANG_CXX_LIBRARY = "libc++";
				CLANG_ENABLE_MODULES = YES;
				CLANG_ENABLE_OBJC_ARC = YES;
				CLANG_WARN_BOOL_CONVERSION = YES;
				CLANG_WARN_CONSTANT_CONVERSION = YES;
				CLANG_WARN_DIRECT_OBJC_ISA_USAGE = YES_ERROR;
				CLANG_WARN_DOCUMENTATION_COMMENTS = YES;
				CLANG_WARN_EMPTY_BODY = YES;
				CLANG_WARN_ENUM_CONVERSION = YES;
				CLANG_WARN_INFINITE_RECURSION = YES;
				CLANG_WARN_INT_CONVERSION = YES;
				CLANG_WARN_OBJC_ROOT_CLASS = YES_ERROR;
				CLANG_WARN_SUSPICIOUS_MOVE = YES;
				CLANG_WARN_UNREACHABLE_CODE = YES;
				CLANG_WARN__DUPLICATE_METHOD_MATCH = YES;
				"CODE_SIGN_IDENTITY[sdk=iphoneos*]" = "iPhone Developer";
				COPY_PHASE_STRIP = NO;
				DEBUG_INFORMATION_FORMAT = dwarf;
				ENABLE_STRICT_OBJC_MSGSEND = YES;
				ENABLE_TESTABILITY = YES;
				GCC_C_LANGUAGE_STANDARD = gnu99;
				GCC_DYNAMIC_NO_PIC = NO;
				GCC_NO_COMMON_BLOCKS = YES;
				GCC_OPTIMIZATION_LEVEL = 0;
				GCC_PREPROCESSOR_DEFINITIONS = (
					"DEBUG=1",
					"$(inherited)",
				);
				GCC_WARN_64_TO_32_BIT_CONVERSION = YES;
				GCC_WARN_ABOUT_RETURN_TYPE = YES_ERROR;
				GCC_WARN_UNDECLARED_SELECTOR = YES;
				GCC_WARN_UNINITIALIZED_AUTOS = YES_AGGRESSIVE;
				GCC_WARN_UNUSED_FUNCTION = YES;
				GCC_WARN_UNUSED_VARIABLE = YES;
				IPHONEOS_DEPLOYMENT_TARGET = 10.2;
				MTL_ENABLE_DEBUG_INFO = YES;
				ONLY_ACTIVE_ARCH = YES;
				SDKROOT = iphoneos;
				SWIFT_ACTIVE_COMPILATION_CONDITIONS = DEBUG;
				SWIFT_OPTIMIZATION_LEVEL = "-Onone";
			};
			name = Debug;
		};
		6373595D1E52A8EE0074BCDE /* Release */ = {
			isa = XCBuildConfiguration;
			buildSettings = {
				ALWAYS_SEARCH_USER_PATHS = NO;
				CLANG_ANALYZER_NONNULL = YES;
				CLANG_CXX_LANGUAGE_STANDARD = "gnu++0x";
				CLANG_CXX_LIBRARY = "libc++";
				CLANG_ENABLE_MODULES = YES;
				CLANG_ENABLE_OBJC_ARC = YES;
				CLANG_WARN_BOOL_CONVERSION = YES;
				CLANG_WARN_CONSTANT_CONVERSION = YES;
				CLANG_WARN_DIRECT_OBJC_ISA_USAGE = YES_ERROR;
				CLANG_WARN_DOCUMENTATION_COMMENTS = YES;
				CLANG_WARN_EMPTY_BODY = YES;
				CLANG_WARN_ENUM_CONVERSION = YES;
				CLANG_WARN_INFINITE_RECURSION = YES;
				CLANG_WARN_INT_CONVERSION = YES;
				CLANG_WARN_OBJC_ROOT_CLASS = YES_ERROR;
				CLANG_WARN_SUSPICIOUS_MOVE = YES;
				CLANG_WARN_UNREACHABLE_CODE = YES;
				CLANG_WARN__DUPLICATE_METHOD_MATCH = YES;
				"CODE_SIGN_IDENTITY[sdk=iphoneos*]" = "iPhone Developer";
				COPY_PHASE_STRIP = NO;
				DEBUG_INFORMATION_FORMAT = "dwarf-with-dsym";
				ENABLE_NS_ASSERTIONS = NO;
				ENABLE_STRICT_OBJC_MSGSEND = YES;
				GCC_C_LANGUAGE_STANDARD = gnu99;
				GCC_NO_COMMON_BLOCKS = YES;
				GCC_WARN_64_TO_32_BIT_CONVERSION = YES;
				GCC_WARN_ABOUT_RETURN_TYPE = YES_ERROR;
				GCC_WARN_UNDECLARED_SELECTOR = YES;
				GCC_WARN_UNINITIALIZED_AUTOS = YES_AGGRESSIVE;
				GCC_WARN_UNUSED_FUNCTION = YES;
				GCC_WARN_UNUSED_VARIABLE = YES;
				IPHONEOS_DEPLOYMENT_TARGET = 10.2;
				MTL_ENABLE_DEBUG_INFO = NO;
				SDKROOT = iphoneos;
				SWIFT_OPTIMIZATION_LEVEL = "-Owholemodule";
				VALIDATE_PRODUCT = YES;
			};
			name = Release;
		};
		6373595F1E52A8EE0074BCDE /* Debug */ = {
			isa = XCBuildConfiguration;
			buildSettings = {
				ASSETCATALOG_COMPILER_APPICON_NAME = AppIcon;
				DEVELOPMENT_TEAM = YK9XDGN35W;
				INFOPLIST_FILE = PitchPerfect/Info.plist;
				LD_RUNPATH_SEARCH_PATHS = "$(inherited) @executable_path/Frameworks";
				PRODUCT_BUNDLE_IDENTIFIER = com.imagitalestudios.com.PitchPerfect;
				PRODUCT_NAME = "$(TARGET_NAME)";
				SWIFT_VERSION = 3.0;
			};
			name = Debug;
		};
		637359601E52A8EE0074BCDE /* Release */ = {
			isa = XCBuildConfiguration;
			buildSettings = {
				ASSETCATALOG_COMPILER_APPICON_NAME = AppIcon;
				DEVELOPMENT_TEAM = YK9XDGN35W;
				INFOPLIST_FILE = PitchPerfect/Info.plist;
				LD_RUNPATH_SEARCH_PATHS = "$(inherited) @executable_path/Frameworks";
				PRODUCT_BUNDLE_IDENTIFIER = com.imagitalestudios.com.PitchPerfect;
				PRODUCT_NAME = "$(TARGET_NAME)";
				SWIFT_VERSION = 3.0;
			};
			name = Release;
		};
/* End XCBuildConfiguration section */

/* Begin XCConfigurationList section */
		637359471E52A8EE0074BCDE /* Build configuration list for PBXProject "PitchPerfect" */ = {
			isa = XCConfigurationList;
			buildConfigurations = (
				6373595C1E52A8EE0074BCDE /* Debug */,
				6373595D1E52A8EE0074BCDE /* Release */,
			);
			defaultConfigurationIsVisible = 0;
			defaultConfigurationName = Release;
		};
		6373595E1E52A8EE0074BCDE /* Build configuration list for PBXNativeTarget "PitchPerfect" */ = {
			isa = XCConfigurationList;
			buildConfigurations = (
				6373595F1E52A8EE0074BCDE /* Debug */,
				637359601E52A8EE0074BCDE /* Release */,
			);
			defaultConfigurationIsVisible = 0;
			defaultConfigurationName = Release;
		};
/* End XCConfigurationList section */
	};
	rootObject = 637359441E52A8EE0074BCDE /* Project object */;
}
